
Microsoft Visual Studio Solution File, Format Version 12.00
# Visual Studio Version 17
VisualStudioVersion = 17.14.36109.1
MinimumVisualStudioVersion = 10.0.40219.1
Project("{FAE04EC0-301F-11D3-BF4B-00C04F79EFBC}") = "PariuriSportive", "PariuriSportive\PariuriSportive.csproj", "{3708D62B-BAAE-4FE1-8213-4A98761CAA8F}"
EndProject
Project("{FAE04EC0-301F-11D3-BF4B-00C04F79EFBC}") = "PariuriSportiveLibrary", "PariuriSportiveLibrary\PariuriSportiveLibrary.csproj", "{5EE5ABA4-5941-4CEA-B587-8CC4B70598F7}"
EndProject
Global
	GlobalSection(SolutionConfigurationPlatforms) = preSolution
		Debug|Any CPU = Debug|Any CPU
		Release|Any CPU = Release|Any CPU
	EndGlobalSection
	GlobalSection(ProjectConfigurationPlatforms) = postSolution
		{3708D62B-BAAE-4FE1-8213-4A98761CAA8F}.Debug|Any CPU.ActiveCfg = Debug|Any CPU
		{3708D62B-BAAE-4FE1-8213-4A98761CAA8F}.Debug|Any CPU.Build.0 = Debug|Any CPU
		{3708D62B-BAAE-4FE1-8213-4A98761CAA8F}.Release|Any CPU.ActiveCfg = Release|Any CPU
		{3708D62B-BAAE-4FE1-8213-4A98761CAA8F}.Release|Any CPU.Build.0 = Release|Any CPU
		{5EE5ABA4-5941-4CEA-B587-8CC4B70598F7}.Debug|Any CPU.ActiveCfg = Debug|Any CPU
		{5EE5ABA4-5941-4CEA-B587-8CC4B70598F7}.Debug|Any CPU.Build.0 = Debug|Any CPU
		{5EE5ABA4-5941-4CEA-B587-8CC4B70598F7}.Release|Any CPU.ActiveCfg = Release|Any CPU
		{5EE5ABA4-5941-4CEA-B587-8CC4B70598F7}.Release|Any CPU.Build.0 = Release|Any CPU
	EndGlobalSection
	GlobalSection(SolutionProperties) = preSolution
		HideSolutionNode = FALSE
	EndGlobalSection
	GlobalSection(ExtensibilityGlobals) = postSolution
		SolutionGuid = {5F533030-8C27-412F-AFA5-51FA0D9C88C7}
	EndGlobalSection
EndGlobal
